
Microsoft Visual Studio Solution File, Format Version 12.00
# Visual Studio Version 16
VisualStudioVersion = 16.0.31729.503
MinimumVisualStudioVersion = 10.0.40219.1
Project("{FAE04EC0-301F-11D3-BF4B-00C04F79EFBC}") = "mnh_Proyecto.V2", "mnh_Proyecto.V2\mnh_Proyecto.V2.csproj", "{066389AA-083A-4088-8E6F-7E3349C5D8B3}"
EndProject
Global
	GlobalSection(SolutionConfigurationPlatforms) = preSolution
		Debug|Any CPU = Debug|Any CPU
		Release|Any CPU = Release|Any CPU
	EndGlobalSection
	GlobalSection(ProjectConfigurationPlatforms) = postSolution
		{066389AA-083A-4088-8E6F-7E3349C5D8B3}.Debug|Any CPU.ActiveCfg = Debug|Any CPU
		{066389AA-083A-4088-8E6F-7E3349C5D8B3}.Debug|Any CPU.Build.0 = Debug|Any CPU
		{066389AA-083A-4088-8E6F-7E3349C5D8B3}.Release|Any CPU.ActiveCfg = Release|Any CPU
		{066389AA-083A-4088-8E6F-7E3349C5D8B3}.Release|Any CPU.Build.0 = Release|Any CPU
	EndGlobalSection
	GlobalSection(SolutionProperties) = preSolution
		HideSolutionNode = FALSE
	EndGlobalSection
	GlobalSection(ExtensibilityGlobals) = postSolution
		SolutionGuid = {81847982-996A-41AF-BBD1-DDE08813B6A4}
	EndGlobalSection
EndGlobal
